
Microsoft Visual Studio Solution File, Format Version 12.00
# Visual Studio Version 17
VisualStudioVersion = 17.9.34728.123
MinimumVisualStudioVersion = 10.0.40219.1
Project("{FAE04EC0-301F-11D3-BF4B-00C04F79EFBC}") = "TCP IP Application", "TCP IP Application\TCP IP Application.csproj", "{DDDBAA80-37AA-4F4C-AAD1-E8B394EF4655}"
EndProject
Global
	GlobalSection(SolutionConfigurationPlatforms) = preSolution
		Debug|Any CPU = Debug|Any CPU
		Release|Any CPU = Release|Any CPU
	EndGlobalSection
	GlobalSection(ProjectConfigurationPlatforms) = postSolution
		{DDDBAA80-37AA-4F4C-AAD1-E8B394EF4655}.Debug|Any CPU.ActiveCfg = Debug|Any CPU
		{DDDBAA80-37AA-4F4C-AAD1-E8B394EF4655}.Debug|Any CPU.Build.0 = Debug|Any CPU
		{DDDBAA80-37AA-4F4C-AAD1-E8B394EF4655}.Release|Any CPU.ActiveCfg = Release|Any CPU
		{DDDBAA80-37AA-4F4C-AAD1-E8B394EF4655}.Release|Any CPU.Build.0 = Release|Any CPU
	EndGlobalSection
	GlobalSection(SolutionProperties) = preSolution
		HideSolutionNode = FALSE
	EndGlobalSection
	GlobalSection(ExtensibilityGlobals) = postSolution
		SolutionGuid = {FF654A65-2FD3-42BD-B59D-6BEA49F8B091}
	EndGlobalSection
EndGlobal
