
Microsoft Visual Studio Solution File, Format Version 12.00
# Visual Studio Version 17
VisualStudioVersion = 17.9.34728.123
MinimumVisualStudioVersion = 10.0.40219.1
Project("{FAE04EC0-301F-11D3-BF4B-00C04F79EFBC}") = "TCP IP Client", "TCP IP Client\TCP IP Client.csproj", "{F854557E-2DF9-47A6-8FD8-69E08354E288}"
EndProject
Project("{FAE04EC0-301F-11D3-BF4B-00C04F79EFBC}") = "TCP IP Server", "TCP IP Server\TCP IP Server.csproj", "{54210689-3A43-4140-BFB3-580F97D0168D}"
EndProject
Global
	GlobalSection(SolutionConfigurationPlatforms) = preSolution
		Debug|Any CPU = Debug|Any CPU
		Release|Any CPU = Release|Any CPU
	EndGlobalSection
	GlobalSection(ProjectConfigurationPlatforms) = postSolution
		{F854557E-2DF9-47A6-8FD8-69E08354E288}.Debug|Any CPU.ActiveCfg = Debug|Any CPU
		{F854557E-2DF9-47A6-8FD8-69E08354E288}.Debug|Any CPU.Build.0 = Debug|Any CPU
		{F854557E-2DF9-47A6-8FD8-69E08354E288}.Release|Any CPU.ActiveCfg = Release|Any CPU
		{F854557E-2DF9-47A6-8FD8-69E08354E288}.Release|Any CPU.Build.0 = Release|Any CPU
		{54210689-3A43-4140-BFB3-580F97D0168D}.Debug|Any CPU.ActiveCfg = Debug|Any CPU
		{54210689-3A43-4140-BFB3-580F97D0168D}.Debug|Any CPU.Build.0 = Debug|Any CPU
		{54210689-3A43-4140-BFB3-580F97D0168D}.Release|Any CPU.ActiveCfg = Release|Any CPU
		{54210689-3A43-4140-BFB3-580F97D0168D}.Release|Any CPU.Build.0 = Release|Any CPU
	EndGlobalSection
	GlobalSection(SolutionProperties) = preSolution
		HideSolutionNode = FALSE
	EndGlobalSection
	GlobalSection(ExtensibilityGlobals) = postSolution
		SolutionGuid = {FF654A65-2FD3-42BD-B59D-6BEA49F8B091}
	EndGlobalSection
EndGlobal
